d77fd98b32be9ccd57825b9bccb317e03067f85fce70cfd2ad34fa04b9a5fa4d  __init__.py
afe3659a052bf200e93eacd4468c5b26f16fa229da77eacf1470a8292ad6e576  __pycache__/__init__.cpython-312.pyc
2ff755083bea76d0e072c559efb3abbdb85ba31ed429d0a8fe1f43fb34fffab6  __pycache__/__init__.cpython-314.pyc
ab3c336ed03b7228e7fdd0afab3676a424c9ba7adb66a84e99db409d68888092  __pycache__/__init__.cpython-39.pyc
ef5029935a9cdcacf5ddb6b82c2ea9371741898f7ef051ab3ed18567997ad75d  __pycache__/auth_manager.cpython-314.pyc
2eb5a4dab42134ed9350808be0487976708a263851b79270e2fffa2002f741db  __pycache__/cache_manager.cpython-314.pyc
6451e1471bde68e44992a1e9c305b2f023e4ee8a7dcc5cb0173dc1a702653b54  __pycache__/chatbot_engine.cpython-312.pyc
2a5733e68e85fdecc27b7fd30ad67701d255de6a59d984a46a7e5d76767e6de9  __pycache__/chatbot_engine.cpython-39.pyc
ad1d113b8556463633cfa62f97ca0953159f77bb1f27b9a41653bb4695e7c11f  __pycache__/data_store.cpython-312.pyc
c8b430c2e4d3a84af58597c8143c57b77155ebf42c0ba72dbb948e0a2e37eb0a  __pycache__/data_store.cpython-39.pyc
3d7cb093264aa1844043ca382a4ad26994e062db94af1e8bd2160c487dc2d3d9  __pycache__/engine.cpython-312.pyc
7c5f881688f32a844769308c674b546a2732382402c80a39db422c2e10aad297  __pycache__/engine.cpython-39.pyc
0fb99134637660056cd5c37fff670b31de5b24eebca4c2d0754467500f9642ef  __pycache__/graceful_degradation.cpython-314.pyc
23b6a4da529041ba39f5f5496dd2c9307d670e94e424c0f2bb91bcafc850640c  __pycache__/observability.cpython-314.pyc
331c11ab70bce843646a4a9e5874c20536a28f8825a4df8086845b224f3823b8  __pycache__/security_validator.cpython-314.pyc
b44d3f0e9a35aee524487f0e45cd7fc5a024a67d5f65cca7bbcf5d1e9fcb324a  __pycache__/vlm_engine.cpython-312.pyc
2c4e2570eeb03b734cd090082ca66498d3bc22540d644a85edb33cc94564af3f  __pycache__/vlm_engine.cpython-39.pyc
f0e1120b8fc2b8be7f87a5d26ad691410c9660e2a0fdc5c4a29e7a3afde5c9ad  ai/__init__.py
532ce38c56e686ea522112b6f66d12d87295014351464aeff1232aed9178df04  ai/__pycache__/__init__.cpython-312.pyc
f02f2e3b6f1bb4cb16389760a04c8883d51210d36eb459da6861d59bc3b2f8e8  ai/__pycache__/__init__.cpython-39.pyc
5e98cc6044974314e609589fe644a6b6d1a946dc50b0f31ddb6fdccb1c39b779  ai/__pycache__/rag_engine.cpython-312.pyc
de0f41eaa629dcf774151f093c163ec01a03b73e89d1325e90fa5d41f6339b68  ai/__pycache__/rag_engine.cpython-39.pyc
73523665b406536805161c56d2a9e7533bfe813840158067fe4c1e1b2dd0462d  ai/__pycache__/vision_engine.cpython-312.pyc
df1857de2a208070d19da1f2c70f851a287562a3c265b7113857f36355a9622d  ai/__pycache__/vision_engine.cpython-39.pyc
ed18c7c4807f2498de5697f924b590c922ca02bcb0d244b3d1f21aba8dd345a1  ai/rag_engine.py
d0b731364c72be1a230ff3bc7eddd843c239a686ea58dfd1ebcd873237afad96  ai/vision_engine.py
4b855a5af7a79bfc5415070424bc322fed6645e27ad6df5ff2b6429b68a242db  alerts.py
07e0bafa95abc2936b6356a34c95524e752bbcd22044b0785a3bcb3639e6d03f  auth_manager.py
4bf35dfb3ccc0ad5be3b32e4521c0d6c186f820652c15d1bdfc47dc6476ea4ab  cache.py
018c858e70a03baeab3bc75c0e888f2257a0149e7aff79f86719ee0427a72151  cache_manager.py
a5a1f87e028ce5cc8727533cdd6a2e780c9b43427d3b09078b604fd7049b7117  chatbot_engine.py
89003ee556e5e0af6e4e77da9f7fef71f9f263d5dd5f72a96cf90bb7a3480780  config.yaml
74c091fa7fb8fad2614df6c2b85a9b0243c0265c218c16552a71af6db861ea65  data_store.py
70bce5533b6524766ca1741ade0f8ef38a670d65d70a14908d91ff7da6c90198  engine.py
c1715ee3592021caa2d20d7b06125a1c1491c039cc9be2232e93899fe6d531b0  explainable_ai.py
1903fce8916a8e81a38e50158e5e3d74e83c9beeead9f284aff62cce91d26425  fallback.py
2eb82a368e7bea6bd38d578571bb7948101457a26485850f0c856fb4249629e3  graceful_degradation.py
8e59d4a2454480b6392d7a059852477166cf7df0a2c5a6bf48a794f243354da0  logging_config.py
d80e1b1344b6700cd14d0cd1ceeda32103e06e2e5409f635cc4f620794ecd7ae  observability.py
55c934f60b390363d02c2f2a7a79213ed443e1cfcbdfc8e297877597e5f15421  security_validator.py
4cebe0ba0b9277d115169e5def10751914ba0517ed79adb79e731ff4bcec3798  sensor_validator.py
e2162afb8a2dfc4abb6a3ee77ff380d34bf30d4866a9c901df39806dab2a3a59  sensors.db
3369ebfc0c752906d7d11024d0534c596c7a60940f047d9e636af515a195ef56  vlm_engine.py
